
Microsoft Visual Studio Solution File, Format Version 12.00
# Visual Studio 14
VisualStudioVersion = 14.0.24720.0
MinimumVisualStudioVersion = 10.0.40219.1
Project("{FAE04EC0-301F-11D3-BF4B-00C04F79EFBC}") = "WeatherApi", "WeatherApi\WeatherApi.csproj", "{FFDACA22-AB00-4B83-98F4-BB373370F5FB}"
EndProject
Project("{FAE04EC0-301F-11D3-BF4B-00C04F79EFBC}") = "program", "program\program.csproj", "{F1CC7546-51A2-4273-8941-BB2F6122AF4E}"
EndProject
Project("{FAE04EC0-301F-11D3-BF4B-00C04F79EFBC}") = "TDD", "TDD\TDD.csproj", "{30297307-731E-45D1-AB86-5E46143525CB}"
EndProject
Global
	GlobalSection(SolutionConfigurationPlatforms) = preSolution
		Debug|Any CPU = Debug|Any CPU
		Debug|ARM = Debug|ARM
		Debug|x64 = Debug|x64
		Debug|x86 = Debug|x86
		Release|Any CPU = Release|Any CPU
		Release|ARM = Release|ARM
		Release|x64 = Release|x64
		Release|x86 = Release|x86
	EndGlobalSection
	GlobalSection(ProjectConfigurationPlatforms) = postSolution
		{FFDACA22-AB00-4B83-98F4-BB373370F5FB}.Debug|Any CPU.ActiveCfg = Debug|Any CPU
		{FFDACA22-AB00-4B83-98F4-BB373370F5FB}.Debug|Any CPU.Build.0 = Debug|Any CPU
		{FFDACA22-AB00-4B83-98F4-BB373370F5FB}.Debug|ARM.ActiveCfg = Debug|Any CPU
		{FFDACA22-AB00-4B83-98F4-BB373370F5FB}.Debug|ARM.Build.0 = Debug|Any CPU
		{FFDACA22-AB00-4B83-98F4-BB373370F5FB}.Debug|x64.ActiveCfg = Debug|Any CPU
		{FFDACA22-AB00-4B83-98F4-BB373370F5FB}.Debug|x64.Build.0 = Debug|Any CPU
		{FFDACA22-AB00-4B83-98F4-BB373370F5FB}.Debug|x86.ActiveCfg = Debug|Any CPU
		{FFDACA22-AB00-4B83-98F4-BB373370F5FB}.Debug|x86.Build.0 = Debug|Any CPU
		{FFDACA22-AB00-4B83-98F4-BB373370F5FB}.Release|Any CPU.ActiveCfg = Release|Any CPU
		{FFDACA22-AB00-4B83-98F4-BB373370F5FB}.Release|Any CPU.Build.0 = Release|Any CPU
		{FFDACA22-AB00-4B83-98F4-BB373370F5FB}.Release|ARM.ActiveCfg = Release|Any CPU
		{FFDACA22-AB00-4B83-98F4-BB373370F5FB}.Release|ARM.Build.0 = Release|Any CPU
		{FFDACA22-AB00-4B83-98F4-BB373370F5FB}.Release|x64.ActiveCfg = Release|Any CPU
		{FFDACA22-AB00-4B83-98F4-BB373370F5FB}.Release|x64.Build.0 = Release|Any CPU
		{FFDACA22-AB00-4B83-98F4-BB373370F5FB}.Release|x86.ActiveCfg = Release|Any CPU
		{FFDACA22-AB00-4B83-98F4-BB373370F5FB}.Release|x86.Build.0 = Release|Any CPU
		{F1CC7546-51A2-4273-8941-BB2F6122AF4E}.Debug|Any CPU.ActiveCfg = Debug|Any CPU
		{F1CC7546-51A2-4273-8941-BB2F6122AF4E}.Debug|Any CPU.Build.0 = Debug|Any CPU
		{F1CC7546-51A2-4273-8941-BB2F6122AF4E}.Debug|ARM.ActiveCfg = Debug|Any CPU
		{F1CC7546-51A2-4273-8941-BB2F6122AF4E}.Debug|ARM.Build.0 = Debug|Any CPU
		{F1CC7546-51A2-4273-8941-BB2F6122AF4E}.Debug|x64.ActiveCfg = Debug|Any CPU
		{F1CC7546-51A2-4273-8941-BB2F6122AF4E}.Debug|x64.Build.0 = Debug|Any CPU
		{F1CC7546-51A2-4273-8941-BB2F6122AF4E}.Debug|x86.ActiveCfg = Debug|Any CPU
		{F1CC7546-51A2-4273-8941-BB2F6122AF4E}.Debug|x86.Build.0 = Debug|Any CPU
		{F1CC7546-51A2-4273-8941-BB2F6122AF4E}.Release|Any CPU.ActiveCfg = Release|Any CPU
		{F1CC7546-51A2-4273-8941-BB2F6122AF4E}.Release|Any CPU.Build.0 = Release|Any CPU
		{F1CC7546-51A2-4273-8941-BB2F6122AF4E}.Release|ARM.ActiveCfg = Release|Any CPU
		{F1CC7546-51A2-4273-8941-BB2F6122AF4E}.Release|ARM.Build.0 = Release|Any CPU
		{F1CC7546-51A2-4273-8941-BB2F6122AF4E}.Release|x64.ActiveCfg = Release|Any CPU
		{F1CC7546-51A2-4273-8941-BB2F6122AF4E}.Release|x64.Build.0 = Release|Any CPU
		{F1CC7546-51A2-4273-8941-BB2F6122AF4E}.Release|x86.ActiveCfg = Release|Any CPU
		{F1CC7546-51A2-4273-8941-BB2F6122AF4E}.Release|x86.Build.0 = Release|Any CPU
		{30297307-731E-45D1-AB86-5E46143525CB}.Debug|Any CPU.ActiveCfg = Debug|Any CPU
		{30297307-731E-45D1-AB86-5E46143525CB}.Debug|Any CPU.Build.0 = Debug|Any CPU
		{30297307-731E-45D1-AB86-5E46143525CB}.Debug|ARM.ActiveCfg = Debug|Any CPU
		{30297307-731E-45D1-AB86-5E46143525CB}.Debug|ARM.Build.0 = Debug|Any CPU
		{30297307-731E-45D1-AB86-5E46143525CB}.Debug|x64.ActiveCfg = Debug|Any CPU
		{30297307-731E-45D1-AB86-5E46143525CB}.Debug|x64.Build.0 = Debug|Any CPU
		{30297307-731E-45D1-AB86-5E46143525CB}.Debug|x86.ActiveCfg = Debug|Any CPU
		{30297307-731E-45D1-AB86-5E46143525CB}.Debug|x86.Build.0 = Debug|Any CPU
		{30297307-731E-45D1-AB86-5E46143525CB}.Release|Any CPU.ActiveCfg = Release|Any CPU
		{30297307-731E-45D1-AB86-5E46143525CB}.Release|Any CPU.Build.0 = Release|Any CPU
		{30297307-731E-45D1-AB86-5E46143525CB}.Release|ARM.ActiveCfg = Release|Any CPU
		{30297307-731E-45D1-AB86-5E46143525CB}.Release|ARM.Build.0 = Release|Any CPU
		{30297307-731E-45D1-AB86-5E46143525CB}.Release|x64.ActiveCfg = Release|Any CPU
		{30297307-731E-45D1-AB86-5E46143525CB}.Release|x64.Build.0 = Release|Any CPU
		{30297307-731E-45D1-AB86-5E46143525CB}.Release|x86.ActiveCfg = Release|Any CPU
		{30297307-731E-45D1-AB86-5E46143525CB}.Release|x86.Build.0 = Release|Any CPU
	EndGlobalSection
	GlobalSection(SolutionProperties) = preSolution
		HideSolutionNode = FALSE
	EndGlobalSection
EndGlobal
